<?xml version="1.0" encoding="utf-8"?>
<Project ToolsVersion="4.0" xmlns="http://schemas.microsoft.com/developer/msbuild/2003">
  <ItemGroup>
    <Filter Include="Source Files">
      <UniqueIdentifier>{4FC737F1-C7A5-4376-A066-2A32D752A2FF}</UniqueIdentifier>
      <Extensions>cpp;c;cc;cxx;def;odl;idl;hpj;bat;asm;asmx</Extensions>
    </Filter>
    <Filter Include="Header Files">
      <UniqueIdentifier>{93995380-89BD-4b04-88EB-625FBE52EBFB}</UniqueIdentifier>
      <Extensions>h;hh;hpp;hxx;hm;inl;inc;xsd</Extensions>
    </Filter>
    <Filter Include="Resource Files">
      <UniqueIdentifier>{67DA6AB6-F800-4c08-8B7A-83BB121AAD01}</UniqueIdentifier>
      <Extensions>rc;ico;cur;bmp;dlg;rc2;rct;bin;rgs;gif;jpg;jpeg;jpe;resx;tiff;tif;png;wav;mfcribbon-ms</Extensions>
    </Filter>
    <Filter Include="Shader Files">
      <UniqueIdentifier>{48edf119-597e-474a-883d-0b0b4da86b2b}</UniqueIdentifier>
    </Filter>
    <Filter Include="Source Files\Graphics">
      <UniqueIdentifier>{668dccbd-fee7-46ff-863b-ce70496b4d25}</UniqueIdentifier>
    </Filter>
    <Filter Include="Header Files\Graphics">
      <UniqueIdentifier>{e3336c3a-42da-480f-ac14-03501e73ddda}</UniqueIdentifier>
    </Filter>
    <Filter Include="Source Files\Framework">
      <UniqueIdentifier>{927d309e-9568-4540-a038-b69f92b97e0f}</UniqueIdentifier>
    </Filter>
    <Filter Include="Header Files\Framework">
      <UniqueIdentifier>{26ae57a4-771b-4521-80eb-fb47dbb9906f}</UniqueIdentifier>
    </Filter>
    <Filter Include="Header Files\Objects">
      <UniqueIdentifier>{b9ab7f8a-4447-4d26-9923-f5a44a325bb8}</UniqueIdentifier>
    </Filter>
    <Filter Include="Header Files\Objects\Assimp">
      <UniqueIdentifier>{bbbcbffc-f1e5-4ef0-8864-072fc76a8cc0}</UniqueIdentifier>
    </Filter>
    <Filter Include="Source Files\Objects">
      <UniqueIdentifier>{0b91120c-e402-4962-9f1b-1f327f8883ae}</UniqueIdentifier>
    </Filter>
    <Filter Include="Source Files\UI">
      <UniqueIdentifier>{12504d96-a94c-463b-bee0-2112e12f7ee2}</UniqueIdentifier>
    </Filter>
    <Filter Include="Header Files\UI">
      <UniqueIdentifier>{2e8b168c-b223-4545-a900-b17b9ae6e31c}</UniqueIdentifier>
    </Filter>
    <Filter Include="Header Files\Levels">
      <UniqueIdentifier>{40f5d3b9-42e4-4c55-b05a-354291abcc2e}</UniqueIdentifier>
    </Filter>
    <Filter Include="Source Files\Levels">
      <UniqueIdentifier>{e980dcab-875a-426f-aa08-f48a48c10048}</UniqueIdentifier>
    </Filter>
  </ItemGroup>
  <ItemGroup>
    <ClCompile Include="main.cpp">
      <Filter>Source Files</Filter>
    </ClCompile>
    <ClCompile Include="camera.cpp">
      <Filter>Source Files\Graphics</Filter>
    </ClCompile>
    <ClCompile Include="shaderhelper.cpp">
      <Filter>Source Files\Graphics</Filter>
    </ClCompile>
    <ClCompile Include="entity.cpp">
      <Filter>Source Files</Filter>
    </ClCompile>
    <ClCompile Include="gamemaster.cpp">
      <Filter>Source Files\Framework</Filter>
    </ClCompile>
    <ClCompile Include="input.cpp">
      <Filter>Source Files\Framework</Filter>
    </ClCompile>
    <ClCompile Include="modelloader.cpp">
      <Filter>Source Files\Framework</Filter>
    </ClCompile>
    <ClCompile Include="time.cpp">
      <Filter>Source Files\Framework</Filter>
    </ClCompile>
    <ClCompile Include="texture.cpp">
      <Filter>Source Files\Graphics</Filter>
    </ClCompile>
    <ClCompile Include="quad.cpp">
      <Filter>Source Files\Graphics</Filter>
    </ClCompile>
    <ClCompile Include="shader.cpp">
      <Filter>Source Files</Filter>
    </ClCompile>
    <ClCompile Include="audio.cpp">
      <Filter>Source Files</Filter>
    </ClCompile>
    <ClCompile Include="object.cpp">
      <Filter>Source Files\Objects</Filter>
    </ClCompile>
    <ClCompile Include="Skybox.cpp">
      <Filter>Source Files\Objects</Filter>
    </ClCompile>
    <ClCompile Include="Floor.cpp">
      <Filter>Source Files\Objects</Filter>
    </ClCompile>
    <ClCompile Include="Cuboid.cpp">
      <Filter>Source Files\Objects</Filter>
    </ClCompile>
    <ClCompile Include="glad.c">
      <Filter>Source Files</Filter>
    </ClCompile>
    <ClCompile Include="player.cpp">
      <Filter>Source Files\Objects</Filter>
    </ClCompile>
    <ClCompile Include="Menu.cpp">
      <Filter>Source Files\UI</Filter>
    </ClCompile>
    <ClCompile Include="Square.cpp">
      <Filter>Source Files\UI</Filter>
    </ClCompile>
    <ClCompile Include="UIHelper.cpp">
      <Filter>Source Files\UI</Filter>
    </ClCompile>
    <ClCompile Include="mainlevel.cpp">
      <Filter>Source Files\Levels</Filter>
    </ClCompile>
    <ClCompile Include="level.cpp">
      <Filter>Source Files\Levels</Filter>
    </ClCompile>
    <ClCompile Include="sprite.cpp">
      <Filter>Source Files\UI</Filter>
    </ClCompile>
    <ClCompile Include="userinterface.cpp">
      <Filter>Source Files\UI</Filter>
    </ClCompile>
    <ClCompile Include="howtoplaylevel.cpp">
      <Filter>Source Files\Levels</Filter>
    </ClCompile>
    <ClCompile Include="lobbylevel.cpp">
      <Filter>Source Files\Levels</Filter>
    </ClCompile>
    <ClCompile Include="mainmenulevel.cpp">
      <Filter>Source Files\Levels</Filter>
    </ClCompile>
    <ClCompile Include="buttonUI.cpp">
      <Filter>Source Files\UI</Filter>
    </ClCompile>
    <ClCompile Include="Arrow.cpp">
      <Filter>Source Files\Objects</Filter>
    </ClCompile>
    <ClCompile Include="Platform.cpp">
      <Filter>Source Files\Objects</Filter>
    </ClCompile>
    <ClCompile Include="GameLevel1.cpp">
      <Filter>Source Files\Levels</Filter>
    </ClCompile>
    <ClCompile Include="Pillar.cpp">
      <Filter>Source Files\Objects</Filter>
    </ClCompile>
    <ClCompile Include="Ground.cpp">
      <Filter>Source Files\Objects</Filter>
    </ClCompile>
    <ClCompile Include="Wall.cpp">
      <Filter>Source Files</Filter>
    </ClCompile>
    <ClCompile Include="GameLevel2.cpp">
      <Filter>Source Files\Levels</Filter>
    </ClCompile>
    <ClCompile Include="GameLevel3.cpp">
      <Filter>Source Files\Levels</Filter>
    </ClCompile>
    <ClCompile Include="GameLevel4.cpp">
      <Filter>Source Files\Levels</Filter>
    </ClCompile>
    <ClCompile Include="GameLevel5.cpp">
      <Filter>Source Files\Levels</Filter>
    </ClCompile>
  </ItemGroup>
  <ItemGroup>
    <ClInclude Include="include.h">
      <Filter>Header Files</Filter>
    </ClInclude>
    <ClInclude Include="camera.h">
      <Filter>Header Files\Graphics</Filter>
    </ClInclude>
    <ClInclude Include="shaderhelper.h">
      <Filter>Header Files\Graphics</Filter>
    </ClInclude>
    <ClInclude Include="entity.h">
      <Filter>Header Files</Filter>
    </ClInclude>
    <ClInclude Include="gamemaster.h">
      <Filter>Header Files\Framework</Filter>
    </ClInclude>
    <ClInclude Include="input.h">
      <Filter>Header Files\Framework</Filter>
    </ClInclude>
    <ClInclude Include="modelloader.h">
      <Filter>Header Files\Framework</Filter>
    </ClInclude>
    <ClInclude Include="time.h">
      <Filter>Header Files\Framework</Filter>
    </ClInclude>
    <ClInclude Include="texture.h">
      <Filter>Header Files\Graphics</Filter>
    </ClInclude>
    <ClInclude Include="quad.h">
      <Filter>Header Files\Graphics</Filter>
    </ClInclude>
    <ClInclude Include="shader.h">
      <Filter>Header Files</Filter>
    </ClInclude>
    <ClInclude Include="Header.h">
      <Filter>Header Files</Filter>
    </ClInclude>
    <ClInclude Include="audio.h">
      <Filter>Header Files</Filter>
    </ClInclude>
    <ClInclude Include="object.h">
      <Filter>Header Files\Objects</Filter>
    </ClInclude>
    <ClInclude Include="mesh.h">
      <Filter>Header Files\Objects\Assimp</Filter>
    </ClInclude>
    <ClInclude Include="model.h">
      <Filter>Header Files\Objects\Assimp</Filter>
    </ClInclude>
    <ClInclude Include="Skybox.h">
      <Filter>Header Files\Objects</Filter>
    </ClInclude>
    <ClInclude Include="Floor.h">
      <Filter>Header Files\Objects</Filter>
    </ClInclude>
    <ClInclude Include="Cuboid.h">
      <Filter>Header Files\Objects</Filter>
    </ClInclude>
    <ClInclude Include="player.h">
      <Filter>Header Files\Objects</Filter>
    </ClInclude>
    <ClInclude Include="ContactManager.h">
      <Filter>Header Files</Filter>
    </ClInclude>
    <ClInclude Include="Menu.h">
      <Filter>Header Files\UI</Filter>
    </ClInclude>
    <ClInclude Include="Square.h">
      <Filter>Header Files\UI</Filter>
    </ClInclude>
    <ClInclude Include="TexLabel.h">
      <Filter>Header Files\UI</Filter>
    </ClInclude>
    <ClInclude Include="UIHelper.h">
      <Filter>Header Files\UI</Filter>
    </ClInclude>
    <ClInclude Include="level.h">
      <Filter>Header Files\Levels</Filter>
    </ClInclude>
    <ClInclude Include="mainlevel.h">
      <Filter>Header Files\Levels</Filter>
    </ClInclude>
    <ClInclude Include="ui.h">
      <Filter>Header Files\UI</Filter>
    </ClInclude>
    <ClInclude Include="textui.h">
      <Filter>Header Files\UI</Filter>
    </ClInclude>
    <ClInclude Include="userinterface.h">
      <Filter>Header Files\UI</Filter>
    </ClInclude>
    <ClInclude Include="sprite.h">
      <Filter>Header Files\UI</Filter>
    </ClInclude>
    <ClInclude Include="howtoplaylevel.h">
      <Filter>Header Files\Levels</Filter>
    </ClInclude>
    <ClInclude Include="lobbylevel.h">
      <Filter>Header Files\Levels</Filter>
    </ClInclude>
    <ClInclude Include="mainmenulevel.h">
      <Filter>Header Files\Levels</Filter>
    </ClInclude>
    <ClInclude Include="buttonUI.h">
      <Filter>Header Files\UI</Filter>
    </ClInclude>
    <ClInclude Include="Arrow.h">
      <Filter>Header Files\Objects</Filter>
    </ClInclude>
    <ClInclude Include="Platform.h">
      <Filter>Header Files\Objects</Filter>
    </ClInclude>
    <ClInclude Include="GameLevel1.h">
      <Filter>Header Files\Levels</Filter>
    </ClInclude>
    <ClInclude Include="Pillar.h">
      <Filter>Header Files\Objects</Filter>
    </ClInclude>
    <ClInclude Include="Ground.h">
      <Filter>Header Files\Objects</Filter>
    </ClInclude>
    <ClInclude Include="Wall.h">
      <Filter>Header Files</Filter>
    </ClInclude>
    <ClInclude Include="GameLevel2.h">
      <Filter>Header Files\Levels</Filter>
    </ClInclude>
    <ClInclude Include="GameLevel3.h">
      <Filter>Header Files\Levels</Filter>
    </ClInclude>
    <ClInclude Include="GameLevel4.h">
      <Filter>Header Files\Levels</Filter>
    </ClInclude>
    <ClInclude Include="GameLevel5.h">
      <Filter>Header Files\Levels</Filter>
    </ClInclude>
  </ItemGroup>
  <ItemGroup>
    <None Include="model_vs.glsl">
      <Filter>Shader Files</Filter>
    </None>
    <None Include="model_fs.glsl">
      <Filter>Shader Files</Filter>
    </None>
    <None Include="stencil_vs.glsl">
      <Filter>Shader Files</Filter>
    </None>
    <None Include="stencil_fs.glsl">
      <Filter>Shader Files</Filter>
    </None>
    <None Include="quad_fs.glsl">
      <Filter>Shader Files</Filter>
    </None>
    <None Include="quad_vs.glsl">
      <Filter>Shader Files</Filter>
    </None>
    <None Include="cube_fragment_shader.glsl">
      <Filter>Shader Files</Filter>
    </None>
    <None Include="cube_vertex_shader.glsl">
      <Filter>Shader Files</Filter>
    </None>
    <None Include="fragment_shader.glsl">
      <Filter>Shader Files</Filter>
    </None>
    <None Include="vertex_shader.glsl">
      <Filter>Shader Files</Filter>
    </None>
    <None Include="perlin_vertex_shader.glsl">
      <Filter>Shader Files</Filter>
    </None>
    <None Include="perlin_fragment_shader.glsl">
      <Filter>Shader Files</Filter>
    </None>
    <None Include="level_vertex_shader.glsl">
      <Filter>Shader Files</Filter>
    </None>
    <None Include="level_fragment_shader.glsl">
      <Filter>Shader Files</Filter>
    </None>
    <None Include="sprite_fs.glsl">
      <Filter>Shader Files</Filter>
    </None>
    <None Include="sprite_vs.glsl">
      <Filter>Shader Files</Filter>
    </None>
  </ItemGroup>
</Project>